// !$*UTF8*$!
{
	archiveVersion = 1;
	classes = {
	};
	objectVersion = 50;
	objects = {

/* Begin PBXBuildFile section */
		26431D5629757F0A00BDD62F /* AppDelegate.m in Sources */ = {isa = PBXBuildFile; fileRef = 26431D5529757F0A00BDD62F /* AppDelegate.m */; };
		26431D5929757F0A00BDD62F /* ViewController.m in Sources */ = {isa = PBXBuildFile; fileRef = 26431D5829757F0A00BDD62F /* ViewController.m */; };
		26431D5B29757F0B00BDD62F /* Assets.xcassets in Resources */ = {isa = PBXBuildFile; fileRef = 26431D5A29757F0B00BDD62F /* Assets.xcassets */; };
		26431D5E29757F0B00BDD62F /* Main.storyboard in Resources */ = {isa = PBXBuildFile; fileRef = 26431D5C29757F0B00BDD62F /* Main.storyboard */; };
		26431D6129757F0B00BDD62F /* main.m in Sources */ = {isa = PBXBuildFile; fileRef = 26431D6029757F0B00BDD62F /* main.m */; };
		26431D6C29757F0B00BDD62F /* CustomErrorObjectiveCExampleTests.m in Sources */ = {isa = PBXBuildFile; fileRef = 26431D6B29757F0B00BDD62F /* CustomErrorObjectiveCExampleTests.m */; };
		26431D7729757F0B00BDD62F /* CustomErrorObjectiveCExampleUITests.m in Sources */ = {isa = PBXBuildFile; fileRef = 26431D7629757F0B00BDD62F /* CustomErrorObjectiveCExampleUITests.m */; };
		264447682978168400774DFA /* HttpError.swift in Sources */ = {isa = PBXBuildFile; fileRef = 264447652978168400774DFA /* HttpError.swift */; };
		264447692978168400774DFA /* SampleType.swift in Sources */ = {isa = PBXBuildFile; fileRef = 264447662978168400774DFA /* SampleType.swift */; };
		2644476A2978168400774DFA /* HttpErrorType.swift in Sources */ = {isa = PBXBuildFile; fileRef = 264447672978168400774DFA /* HttpErrorType.swift */; };
		2644476D2978168E00774DFA /* CustomError.swift in Sources */ = {isa = PBXBuildFile; fileRef = 2644476C2978168E00774DFA /* CustomError.swift */; };
/* End PBXBuildFile section */

/* Begin PBXContainerItemProxy section */
		26431D6829757F0B00BDD62F /* PBXContainerItemProxy */ = {
			isa = PBXContainerItemProxy;
			containerPortal = 26431D4929757F0A00BDD62F /* Project object */;
			proxyType = 1;
			remoteGlobalIDString = 26431D5029757F0A00BDD62F;
			remoteInfo = CustomErrorObjectiveCExample;
		};
		26431D7329757F0B00BDD62F /* PBXContainerItemProxy */ = {
			isa = PBXContainerItemProxy;
			containerPortal = 26431D4929757F0A00BDD62F /* Project object */;
			proxyType = 1;
			remoteGlobalIDString = 26431D5029757F0A00BDD62F;
			remoteInfo = CustomErrorObjectiveCExample;
		};
/* End PBXContainerItemProxy section */

/* Begin PBXFileReference section */
		26431D5129757F0A00BDD62F /* CustomErrorObjectiveCExample.app */ = {isa = PBXFileReference; explicitFileType = wrapper.application; includeInIndex = 0; path = CustomErrorObjectiveCExample.app; sourceTree = BUILT_PRODUCTS_DIR; };
		26431D5429757F0A00BDD62F /* AppDelegate.h */ = {isa = PBXFileReference; lastKnownFileType = sourcecode.c.h; path = AppDelegate.h; sourceTree = "<group>"; };
		26431D5529757F0A00BDD62F /* AppDelegate.m */ = {isa = PBXFileReference; lastKnownFileType = sourcecode.c.objc; path = AppDelegate.m; sourceTree = "<group>"; };
		26431D5729757F0A00BDD62F /* ViewController.h */ = {isa = PBXFileReference; lastKnownFileType = sourcecode.c.h; path = ViewController.h; sourceTree = "<group>"; };
		26431D5829757F0A00BDD62F /* ViewController.m */ = {isa = PBXFileReference; lastKnownFileType = sourcecode.c.objc; path = ViewController.m; sourceTree = "<group>"; };
		26431D5A29757F0B00BDD62F /* Assets.xcassets */ = {isa = PBXFileReference; lastKnownFileType = folder.assetcatalog; path = Assets.xcassets; sourceTree = "<group>"; };
		26431D5D29757F0B00BDD62F /* Base */ = {isa = PBXFileReference; lastKnownFileType = file.storyboard; name = Base; path = Base.lproj/Main.storyboard; sourceTree = "<group>"; };
		26431D5F29757F0B00BDD62F /* Info.plist */ = {isa = PBXFileReference; lastKnownFileType = text.plist.xml; path = Info.plist; sourceTree = "<group>"; };
		26431D6029757F0B00BDD62F /* main.m */ = {isa = PBXFileReference; lastKnownFileType = sourcecode.c.objc; path = main.m; sourceTree = "<group>"; };
		26431D6229757F0B00BDD62F /* CustomErrorObjectiveCExample.entitlements */ = {isa = PBXFileReference; lastKnownFileType = text.plist.entitlements; path = CustomErrorObjectiveCExample.entitlements; sourceTree = "<group>"; };
		26431D6729757F0B00BDD62F /* CustomErrorObjectiveCExampleTests.xctest */ = {isa = PBXFileReference; explicitFileType = wrapper.cfbundle; includeInIndex = 0; path = CustomErrorObjectiveCExampleTests.xctest; sourceTree = BUILT_PRODUCTS_DIR; };
		26431D6B29757F0B00BDD62F /* CustomErrorObjectiveCExampleTests.m */ = {isa = PBXFileReference; lastKnownFileType = sourcecode.c.objc; path = CustomErrorObjectiveCExampleTests.m; sourceTree = "<group>"; };
		26431D6D29757F0B00BDD62F /* Info.plist */ = {isa = PBXFileReference; lastKnownFileType = text.plist.xml; path = Info.plist; sourceTree = "<group>"; };
		26431D7229757F0B00BDD62F /* CustomErrorObjectiveCExampleUITests.xctest */ = {isa = PBXFileReference; explicitFileType = wrapper.cfbundle; includeInIndex = 0; path = CustomErrorObjectiveCExampleUITests.xctest; sourceTree = BUILT_PRODUCTS_DIR; };
		26431D7629757F0B00BDD62F /* CustomErrorObjectiveCExampleUITests.m */ = {isa = PBXFileReference; lastKnownFileType = sourcecode.c.objc; path = CustomErrorObjectiveCExampleUITests.m; sourceTree = "<group>"; };
		26431D7829757F0B00BDD62F /* Info.plist */ = {isa = PBXFileReference; lastKnownFileType = text.plist.xml; path = Info.plist; sourceTree = "<group>"; };
		264447642978168400774DFA /* CustomErrorObjectiveCExample-Bridging-Header.h */ = {isa = PBXFileReference; fileEncoding = 4; lastKnownFileType = sourcecode.c.h; path = "CustomErrorObjectiveCExample-Bridging-Header.h"; sourceTree = "<group>"; };
		264447652978168400774DFA /* HttpError.swift */ = {isa = PBXFileReference; fileEncoding = 4; lastKnownFileType = sourcecode.swift; path = HttpError.swift; sourceTree = "<group>"; };
		264447662978168400774DFA /* SampleType.swift */ = {isa = PBXFileReference; fileEncoding = 4; lastKnownFileType = sourcecode.swift; path = SampleType.swift; sourceTree = "<group>"; };
		264447672978168400774DFA /* HttpErrorType.swift */ = {isa = PBXFileReference; fileEncoding = 4; lastKnownFileType = sourcecode.swift; path = HttpErrorType.swift; sourceTree = "<group>"; };
		2644476C2978168E00774DFA /* CustomError.swift */ = {isa = PBXFileReference; fileEncoding = 4; lastKnownFileType = sourcecode.swift; path = CustomError.swift; sourceTree = "<group>"; };
/* End PBXFileReference section */

/* Begin PBXFrameworksBuildPhase section */
		26431D4E29757F0A00BDD62F /* Frameworks */ = {
			isa = PBXFrameworksBuildPhase;
			buildActionMask = 2147483647;
			files = (
			);
			runOnlyForDeploymentPostprocessing = 0;
		};
		26431D6429757F0B00BDD62F /* Frameworks */ = {
			isa = PBXFrameworksBuildPhase;
			buildActionMask = 2147483647;
			files = (
			);
			runOnlyForDeploymentPostprocessing = 0;
		};
		26431D6F29757F0B00BDD62F /* Frameworks */ = {
			isa = PBXFrameworksBuildPhase;
			buildActionMask = 2147483647;
			files = (
			);
			runOnlyForDeploymentPostprocessing = 0;
		};
/* End PBXFrameworksBuildPhase section */

/* Begin PBXGroup section */
		26431D4829757F0A00BDD62F = {
			isa = PBXGroup;
			children = (
				26431D5329757F0A00BDD62F /* CustomErrorObjectiveCExample */,
				26431D6A29757F0B00BDD62F /* CustomErrorObjectiveCExampleTests */,
				26431D7529757F0B00BDD62F /* CustomErrorObjectiveCExampleUITests */,
				26431D5229757F0A00BDD62F /* Products */,
			);
			sourceTree = "<group>";
		};
		26431D5229757F0A00BDD62F /* Products */ = {
			isa = PBXGroup;
			children = (
				26431D5129757F0A00BDD62F /* CustomErrorObjectiveCExample.app */,
				26431D6729757F0B00BDD62F /* CustomErrorObjectiveCExampleTests.xctest */,
				26431D7229757F0B00BDD62F /* CustomErrorObjectiveCExampleUITests.xctest */,
			);
			name = Products;
			sourceTree = "<group>";
		};
		26431D5329757F0A00BDD62F /* CustomErrorObjectiveCExample */ = {
			isa = PBXGroup;
			children = (
				264447632978168400774DFA /* source */,
				26431D5429757F0A00BDD62F /* AppDelegate.h */,
				26431D5529757F0A00BDD62F /* AppDelegate.m */,
				26431D5729757F0A00BDD62F /* ViewController.h */,
				26431D5829757F0A00BDD62F /* ViewController.m */,
				26431D5A29757F0B00BDD62F /* Assets.xcassets */,
				26431D5C29757F0B00BDD62F /* Main.storyboard */,
				26431D5F29757F0B00BDD62F /* Info.plist */,
				26431D6029757F0B00BDD62F /* main.m */,
				26431D6229757F0B00BDD62F /* CustomErrorObjectiveCExample.entitlements */,
			);
			path = CustomErrorObjectiveCExample;
			sourceTree = "<group>";
		};
		26431D6A29757F0B00BDD62F /* CustomErrorObjectiveCExampleTests */ = {
			isa = PBXGroup;
			children = (
				26431D6B29757F0B00BDD62F /* CustomErrorObjectiveCExampleTests.m */,
				26431D6D29757F0B00BDD62F /* Info.plist */,
			);
			path = CustomErrorObjectiveCExampleTests;
			sourceTree = "<group>";
		};
		26431D7529757F0B00BDD62F /* CustomErrorObjectiveCExampleUITests */ = {
			isa = PBXGroup;
			children = (
				26431D7629757F0B00BDD62F /* CustomErrorObjectiveCExampleUITests.m */,
				26431D7829757F0B00BDD62F /* Info.plist */,
			);
			path = CustomErrorObjectiveCExampleUITests;
			sourceTree = "<group>";
		};
		264447632978168400774DFA /* source */ = {
			isa = PBXGroup;
			children = (
				2644476B2978168E00774DFA /* CustomError */,
				264447642978168400774DFA /* CustomErrorObjectiveCExample-Bridging-Header.h */,
				264447652978168400774DFA /* HttpError.swift */,
				264447662978168400774DFA /* SampleType.swift */,
				264447672978168400774DFA /* HttpErrorType.swift */,
			);
			path = source;
			sourceTree = "<group>";
		};
		2644476B2978168E00774DFA /* CustomError */ = {
			isa = PBXGroup;
			children = (
				2644476C2978168E00774DFA /* CustomError.swift */,
			);
			name = CustomError;
			path = ../../../../CustomError;
			sourceTree = "<group>";
		};
/* End PBXGroup section */

/* Begin PBXNativeTarget section */
		26431D5029757F0A00BDD62F /* CustomErrorObjectiveCExample */ = {
			isa = PBXNativeTarget;
			buildConfigurationList = 26431D7B29757F0B00BDD62F /* Build configuration list for PBXNativeTarget "CustomErrorObjectiveCExample" */;
			buildPhases = (
				26431D4D29757F0A00BDD62F /* Sources */,
				26431D4E29757F0A00BDD62F /* Frameworks */,
				26431D4F29757F0A00BDD62F /* Resources */,
			);
			buildRules = (
			);
			dependencies = (
			);
			name = CustomErrorObjectiveCExample;
			productName = CustomErrorObjectiveCExample;
			productReference = 26431D5129757F0A00BDD62F /* CustomErrorObjectiveCExample.app */;
			productType = "com.apple.product-type.application";
		};
		26431D6629757F0B00BDD62F /* CustomErrorObjectiveCExampleTests */ = {
			isa = PBXNativeTarget;
			buildConfigurationList = 26431D7E29757F0B00BDD62F /* Build configuration list for PBXNativeTarget "CustomErrorObjectiveCExampleTests" */;
			buildPhases = (
				26431D6329757F0B00BDD62F /* Sources */,
				26431D6429757F0B00BDD62F /* Frameworks */,
				26431D6529757F0B00BDD62F /* Resources */,
			);
			buildRules = (
			);
			dependencies = (
				26431D6929757F0B00BDD62F /* PBXTargetDependency */,
			);
			name = CustomErrorObjectiveCExampleTests;
			productName = CustomErrorObjectiveCExampleTests;
			productReference = 26431D6729757F0B00BDD62F /* CustomErrorObjectiveCExampleTests.xctest */;
			productType = "com.apple.product-type.bundle.unit-test";
		};
		26431D7129757F0B00BDD62F /* CustomErrorObjectiveCExampleUITests */ = {
			isa = PBXNativeTarget;
			buildConfigurationList = 26431D8129757F0B00BDD62F /* Build configuration list for PBXNativeTarget "CustomErrorObjectiveCExampleUITests" */;
			buildPhases = (
				26431D6E29757F0B00BDD62F /* Sources */,
				26431D6F29757F0B00BDD62F /* Frameworks */,
				26431D7029757F0B00BDD62F /* Resources */,
			);
			buildRules = (
			);
			dependencies = (
				26431D7429757F0B00BDD62F /* PBXTargetDependency */,
			);
			name = CustomErrorObjectiveCExampleUITests;
			productName = CustomErrorObjectiveCExampleUITests;
			productReference = 26431D7229757F0B00BDD62F /* CustomErrorObjectiveCExampleUITests.xctest */;
			productType = "com.apple.product-type.bundle.ui-testing";
		};
/* End PBXNativeTarget section */

/* Begin PBXProject section */
		26431D4929757F0A00BDD62F /* Project object */ = {
			isa = PBXProject;
			attributes = {
				LastUpgradeCheck = 1240;
				TargetAttributes = {
					26431D5029757F0A00BDD62F = {
						CreatedOnToolsVersion = 12.4;
						LastSwiftMigration = 1240;
					};
					26431D6629757F0B00BDD62F = {
						CreatedOnToolsVersion = 12.4;
						TestTargetID = 26431D5029757F0A00BDD62F;
					};
					26431D7129757F0B00BDD62F = {
						CreatedOnToolsVersion = 12.4;
						TestTargetID = 26431D5029757F0A00BDD62F;
					};
				};
			};
			buildConfigurationList = 26431D4C29757F0A00BDD62F /* Build configuration list for PBXProject "CustomErrorObjectiveCExample" */;
			compatibilityVersion = "Xcode 9.3";
			developmentRegion = en;
			hasScannedForEncodings = 0;
			knownRegions = (
				en,
				Base,
			);
			mainGroup = 26431D4829757F0A00BDD62F;
			productRefGroup = 26431D5229757F0A00BDD62F /* Products */;
			projectDirPath = "";
			projectRoot = "";
			targets = (
				26431D5029757F0A00BDD62F /* CustomErrorObjectiveCExample */,
				26431D6629757F0B00BDD62F /* CustomErrorObjectiveCExampleTests */,
				26431D7129757F0B00BDD62F /* CustomErrorObjectiveCExampleUITests */,
			);
		};
/* End PBXProject section */

/* Begin PBXResourcesBuildPhase section */
		26431D4F29757F0A00BDD62F /* Resources */ = {
			isa = PBXResourcesBuildPhase;
			buildActionMask = 2147483647;
			files = (
				26431D5B29757F0B00BDD62F /* Assets.xcassets in Resources */,
				26431D5E29757F0B00BDD62F /* Main.storyboard in Resources */,
			);
			runOnlyForDeploymentPostprocessing = 0;
		};
		26431D6529757F0B00BDD62F /* Resources */ = {
			isa = PBXResourcesBuildPhase;
			buildActionMask = 2147483647;
			files = (
			);
			runOnlyForDeploymentPostprocessing = 0;
		};
		26431D7029757F0B00BDD62F /* Resources */ = {
			isa = PBXResourcesBuildPhase;
			buildActionMask = 2147483647;
			files = (
			);
			runOnlyForDeploymentPostprocessing = 0;
		};
/* End PBXResourcesBuildPhase section */

/* Begin PBXSourcesBuildPhase section */
		26431D4D29757F0A00BDD62F /* Sources */ = {
			isa = PBXSourcesBuildPhase;
			buildActionMask = 2147483647;
			files = (
				2644476D2978168E00774DFA /* CustomError.swift in Sources */,
				2644476A2978168400774DFA /* HttpErrorType.swift in Sources */,
				264447682978168400774DFA /* HttpError.swift in Sources */,
				26431D5929757F0A00BDD62F /* ViewController.m in Sources */,
				26431D6129757F0B00BDD62F /* main.m in Sources */,
				264447692978168400774DFA /* SampleType.swift in Sources */,
				26431D5629757F0A00BDD62F /* AppDelegate.m in Sources */,
			);
			runOnlyForDeploymentPostprocessing = 0;
		};
		26431D6329757F0B00BDD62F /* Sources */ = {
			isa = PBXSourcesBuildPhase;
			buildActionMask = 2147483647;
			files = (
				26431D6C29757F0B00BDD62F /* CustomErrorObjectiveCExampleTests.m in Sources */,
			);
			runOnlyForDeploymentPostprocessing = 0;
		};
		26431D6E29757F0B00BDD62F /* Sources */ = {
			isa = PBXSourcesBuildPhase;
			buildActionMask = 2147483647;
			files = (
				26431D7729757F0B00BDD62F /* CustomErrorObjectiveCExampleUITests.m in Sources */,
			);
			runOnlyForDeploymentPostprocessing = 0;
		};
/* End PBXSourcesBuildPhase section */

/* Begin PBXTargetDependency section */
		26431D6929757F0B00BDD62F /* PBXTargetDependency */ = {
			isa = PBXTargetDependency;
			target = 26431D5029757F0A00BDD62F /* CustomErrorObjectiveCExample */;
			targetProxy = 26431D6829757F0B00BDD62F /* PBXContainerItemProxy */;
		};
		26431D7429757F0B00BDD62F /* PBXTargetDependency */ = {
			isa = PBXTargetDependency;
			target = 26431D5029757F0A00BDD62F /* CustomErrorObjectiveCExample */;
			targetProxy = 26431D7329757F0B00BDD62F /* PBXContainerItemProxy */;
		};
/* End PBXTargetDependency section */

/* Begin PBXVariantGroup section */
		26431D5C29757F0B00BDD62F /* Main.storyboard */ = {
			isa = PBXVariantGroup;
			children = (
				26431D5D29757F0B00BDD62F /* Base */,
			);
			name = Main.storyboard;
			sourceTree = "<group>";
		};
/* End PBXVariantGroup section */

/* Begin XCBuildConfiguration section */
		26431D7929757F0B00BDD62F /* Debug */ = {
			isa = XCBuildConfiguration;
			buildSettings = {
				ALWAYS_SEARCH_USER_PATHS = NO;
				CLANG_ANALYZER_NONNULL = YES;
				CLANG_ANALYZER_NUMBER_OBJECT_CONVERSION = YES_AGGRESSIVE;
				CLANG_CXX_LANGUAGE_STANDARD = "gnu++14";
				CLANG_CXX_LIBRARY = "libc++";
				CLANG_ENABLE_MODULES = YES;
				CLANG_ENABLE_OBJC_ARC = YES;
				CLANG_ENABLE_OBJC_WEAK = YES;
				CLANG_WARN_BLOCK_CAPTURE_AUTORELEASING = YES;
				CLANG_WARN_BOOL_CONVERSION = YES;
				CLANG_WARN_COMMA = YES;
				CLANG_WARN_CONSTANT_CONVERSION = YES;
				CLANG_WARN_DEPRECATED_OBJC_IMPLEMENTATIONS = YES;
				CLANG_WARN_DIRECT_OBJC_ISA_USAGE = YES_ERROR;
				CLANG_WARN_DOCUMENTATION_COMMENTS = YES;
				CLANG_WARN_EMPTY_BODY = YES;
				CLANG_WARN_ENUM_CONVERSION = YES;
				CLANG_WARN_INFINITE_RECURSION = YES;
				CLANG_WARN_INT_CONVERSION = YES;
				CLANG_WARN_NON_LITERAL_NULL_CONVERSION = YES;
				CLANG_WARN_OBJC_IMPLICIT_RETAIN_SELF = YES;
				CLANG_WARN_OBJC_LITERAL_CONVERSION = YES;
				CLANG_WARN_OBJC_ROOT_CLASS = YES_ERROR;
				CLANG_WARN_QUOTED_INCLUDE_IN_FRAMEWORK_HEADER = YES;
				CLANG_WARN_RANGE_LOOP_ANALYSIS = YES;
				CLANG_WARN_STRICT_PROTOTYPES = YES;
				CLANG_WARN_SUSPICIOUS_MOVE = YES;
				CLANG_WARN_UNGUARDED_AVAILABILITY = YES_AGGRESSIVE;
				CLANG_WARN_UNREACHABLE_CODE = YES;
				CLANG_WARN__DUPLICATE_METHOD_MATCH = YES;
				COPY_PHASE_STRIP = NO;
				DEBUG_INFORMATION_FORMAT = dwarf;
				ENABLE_STRICT_OBJC_MSGSEND = YES;
				ENABLE_TESTABILITY = YES;
				GCC_C_LANGUAGE_STANDARD = gnu11;
				GCC_DYNAMIC_NO_PIC = NO;
				GCC_NO_COMMON_BLOCKS = YES;
				GCC_OPTIMIZATION_LEVEL = 0;
				GCC_PREPROCESSOR_DEFINITIONS = (
					"DEBUG=1",
					"$(inherited)",
				);
				GCC_WARN_64_TO_32_BIT_CONVERSION = YES;
				GCC_WARN_ABOUT_RETURN_TYPE = YES_ERROR;
				GCC_WARN_UNDECLARED_SELECTOR = YES;
				GCC_WARN_UNINITIALIZED_AUTOS = YES_AGGRESSIVE;
				GCC_WARN_UNUSED_FUNCTION = YES;
				GCC_WARN_UNUSED_VARIABLE = YES;
				MACOSX_DEPLOYMENT_TARGET = 11.1;
				MTL_ENABLE_DEBUG_INFO = INCLUDE_SOURCE;
				MTL_FAST_MATH = YES;
				ONLY_ACTIVE_ARCH = YES;
				SDKROOT = macosx;
			};
			name = Debug;
		};
		26431D7A29757F0B00BDD62F /* Release */ = {
			isa = XCBuildConfiguration;
			buildSettings = {
				ALWAYS_SEARCH_USER_PATHS = NO;
				CLANG_ANALYZER_NONNULL = YES;
				CLANG_ANALYZER_NUMBER_OBJECT_CONVERSION = YES_AGGRESSIVE;
				CLANG_CXX_LANGUAGE_STANDARD = "gnu++14";
				CLANG_CXX_LIBRARY = "libc++";
				CLANG_ENABLE_MODULES = YES;
				CLANG_ENABLE_OBJC_ARC = YES;
				CLANG_ENABLE_OBJC_WEAK = YES;
				CLANG_WARN_BLOCK_CAPTURE_AUTORELEASING = YES;
				CLANG_WARN_BOOL_CONVERSION = YES;
				CLANG_WARN_COMMA = YES;
				CLANG_WARN_CONSTANT_CONVERSION = YES;
				CLANG_WARN_DEPRECATED_OBJC_IMPLEMENTATIONS = YES;
				CLANG_WARN_DIRECT_OBJC_ISA_USAGE = YES_ERROR;
				CLANG_WARN_DOCUMENTATION_COMMENTS = YES;
				CLANG_WARN_EMPTY_BODY = YES;
				CLANG_WARN_ENUM_CONVERSION = YES;
				CLANG_WARN_INFINITE_RECURSION = YES;
				CLANG_WARN_INT_CONVERSION = YES;
				CLANG_WARN_NON_LITERAL_NULL_CONVERSION = YES;
				CLANG_WARN_OBJC_IMPLICIT_RETAIN_SELF = YES;
				CLANG_WARN_OBJC_LITERAL_CONVERSION = YES;
				CLANG_WARN_OBJC_ROOT_CLASS = YES_ERROR;
				CLANG_WARN_QUOTED_INCLUDE_IN_FRAMEWORK_HEADER = YES;
				CLANG_WARN_RANGE_LOOP_ANALYSIS = YES;
				CLANG_WARN_STRICT_PROTOTYPES = YES;
				CLANG_WARN_SUSPICIOUS_MOVE = YES;
				CLANG_WARN_UNGUARDED_AVAILABILITY = YES_AGGRESSIVE;
				CLANG_WARN_UNREACHABLE_CODE = YES;
				CLANG_WARN__DUPLICATE_METHOD_MATCH = YES;
				COPY_PHASE_STRIP = NO;
				DEBUG_INFORMATION_FORMAT = "dwarf-with-dsym";
				ENABLE_NS_ASSERTIONS = NO;
				ENABLE_STRICT_OBJC_MSGSEND = YES;
				GCC_C_LANGUAGE_STANDARD = gnu11;
				GCC_NO_COMMON_BLOCKS = YES;
				GCC_WARN_64_TO_32_BIT_CONVERSION = YES;
				GCC_WARN_ABOUT_RETURN_TYPE = YES_ERROR;
				GCC_WARN_UNDECLARED_SELECTOR = YES;
				GCC_WARN_UNINITIALIZED_AUTOS = YES_AGGRESSIVE;
				GCC_WARN_UNUSED_FUNCTION = YES;
				GCC_WARN_UNUSED_VARIABLE = YES;
				MACOSX_DEPLOYMENT_TARGET = 11.1;
				MTL_ENABLE_DEBUG_INFO = NO;
				MTL_FAST_MATH = YES;
				SDKROOT = macosx;
			};
			name = Release;
		};
		26431D7C29757F0B00BDD62F /* Debug */ = {
			isa = XCBuildConfiguration;
			buildSettings = {
				ASSETCATALOG_COMPILER_APPICON_NAME = AppIcon;
				ASSETCATALOG_COMPILER_GLOBAL_ACCENT_COLOR_NAME = AccentColor;
				CLANG_ENABLE_MODULES = YES;
				CODE_SIGN_ENTITLEMENTS = CustomErrorObjectiveCExample/CustomErrorObjectiveCExample.entitlements;
				CODE_SIGN_STYLE = Automatic;
				COMBINE_HIDPI_IMAGES = YES;
				DEVELOPMENT_TEAM = "";
				ENABLE_HARDENED_RUNTIME = YES;
				INFOPLIST_FILE = CustomErrorObjectiveCExample/Info.plist;
				LD_RUNPATH_SEARCH_PATHS = (
					"$(inherited)",
					"@executable_path/../Frameworks",
				);
				PRODUCT_BUNDLE_IDENTIFIER = com.customerror.CustomErrorObjectiveCExample;
				PRODUCT_NAME = "$(TARGET_NAME)";
				SWIFT_OBJC_BRIDGING_HEADER = "./CustomErrorObjectiveCExample/source/CustomErrorObjectiveCExample-Bridging-Header.h";
				SWIFT_OPTIMIZATION_LEVEL = "-Onone";
				SWIFT_VERSION = 5.0;
			};
			name = Debug;
		};
		26431D7D29757F0B00BDD62F /* Release */ = {
			isa = XCBuildConfiguration;
			buildSettings = {
				ASSETCATALOG_COMPILER_APPICON_NAME = AppIcon;
				ASSETCATALOG_COMPILER_GLOBAL_ACCENT_COLOR_NAME = AccentColor;
				CLANG_ENABLE_MODULES = YES;
				CODE_SIGN_ENTITLEMENTS = CustomErrorObjectiveCExample/CustomErrorObjectiveCExample.entitlements;
				CODE_SIGN_STYLE = Automatic;
				COMBINE_HIDPI_IMAGES = YES;
				DEVELOPMENT_TEAM = "";
				ENABLE_HARDENED_RUNTIME = YES;
				INFOPLIST_FILE = CustomErrorObjectiveCExample/Info.plist;
				LD_RUNPATH_SEARCH_PATHS = (
					"$(inherited)",
					"@executable_path/../Frameworks",
				);
				PRODUCT_BUNDLE_IDENTIFIER = com.customerror.CustomErrorObjectiveCExample;
				PRODUCT_NAME = "$(TARGET_NAME)";
				SWIFT_OBJC_BRIDGING_HEADER = "./CustomErrorObjectiveCExample/source/CustomErrorObjectiveCExample-Bridging-Header.h";
				SWIFT_VERSION = 5.0;
			};
			name = Release;
		};
		26431D7F29757F0B00BDD62F /* Debug */ = {
			isa = XCBuildConfiguration;
			buildSettings = {
				ALWAYS_EMBED_SWIFT_STANDARD_LIBRARIES = YES;
				BUNDLE_LOADER = "$(TEST_HOST)";
				CODE_SIGN_STYLE = Automatic;
				COMBINE_HIDPI_IMAGES = YES;
				DEVELOPMENT_TEAM = 9HD22ZDDMN;
				INFOPLIST_FILE = CustomErrorObjectiveCExampleTests/Info.plist;
				LD_RUNPATH_SEARCH_PATHS = (
					"$(inherited)",
					"@executable_path/../Frameworks",
					"@loader_path/../Frameworks",
				);
				MACOSX_DEPLOYMENT_TARGET = 11.1;
				PRODUCT_BUNDLE_IDENTIFIER = com.moneybrain.CustomErrorObjectiveCExampleTests;
				PRODUCT_NAME = "$(TARGET_NAME)";
				TEST_HOST = "$(BUILT_PRODUCTS_DIR)/CustomErrorObjectiveCExample.app/Contents/MacOS/CustomErrorObjectiveCExample";
			};
			name = Debug;
		};
		26431D8029757F0B00BDD62F /* Release */ = {
			isa = XCBuildConfiguration;
			buildSettings = {
				ALWAYS_EMBED_SWIFT_STANDARD_LIBRARIES = YES;
				BUNDLE_LOADER = "$(TEST_HOST)";
				CODE_SIGN_STYLE = Automatic;
				COMBINE_HIDPI_IMAGES = YES;
				DEVELOPMENT_TEAM = 9HD22ZDDMN;
				INFOPLIST_FILE = CustomErrorObjectiveCExampleTests/Info.plist;
				LD_RUNPATH_SEARCH_PATHS = (
					"$(inherited)",
					"@executable_path/../Frameworks",
					"@loader_path/../Frameworks",
				);
				MACOSX_DEPLOYMENT_TARGET = 11.1;
				PRODUCT_BUNDLE_IDENTIFIER = com.moneybrain.CustomErrorObjectiveCExampleTests;
				PRODUCT_NAME = "$(TARGET_NAME)";
				TEST_HOST = "$(BUILT_PRODUCTS_DIR)/CustomErrorObjectiveCExample.app/Contents/MacOS/CustomErrorObjectiveCExample";
			};
			name = Release;
		};
		26431D8229757F0B00BDD62F /* Debug */ = {
			isa = XCBuildConfiguration;
			buildSettings = {
				ALWAYS_EMBED_SWIFT_STANDARD_LIBRARIES = YES;
				CODE_SIGN_STYLE = Automatic;
				COMBINE_HIDPI_IMAGES = YES;
				DEVELOPMENT_TEAM = 9HD22ZDDMN;
				INFOPLIST_FILE = CustomErrorObjectiveCExampleUITests/Info.plist;
				LD_RUNPATH_SEARCH_PATHS = (
					"$(inherited)",
					"@executable_path/../Frameworks",
					"@loader_path/../Frameworks",
				);
				PRODUCT_BUNDLE_IDENTIFIER = com.moneybrain.CustomErrorObjectiveCExampleUITests;
				PRODUCT_NAME = "$(TARGET_NAME)";
				TEST_TARGET_NAME = CustomErrorObjectiveCExample;
			};
			name = Debug;
		};
		26431D8329757F0B00BDD62F /* Release */ = {
			isa = XCBuildConfiguration;
			buildSettings = {
				ALWAYS_EMBED_SWIFT_STANDARD_LIBRARIES = YES;
				CODE_SIGN_STYLE = Automatic;
				COMBINE_HIDPI_IMAGES = YES;
				DEVELOPMENT_TEAM = 9HD22ZDDMN;
				INFOPLIST_FILE = CustomErrorObjectiveCExampleUITests/Info.plist;
				LD_RUNPATH_SEARCH_PATHS = (
					"$(inherited)",
					"@executable_path/../Frameworks",
					"@loader_path/../Frameworks",
				);
				PRODUCT_BUNDLE_IDENTIFIER = com.moneybrain.CustomErrorObjectiveCExampleUITests;
				PRODUCT_NAME = "$(TARGET_NAME)";
				TEST_TARGET_NAME = CustomErrorObjectiveCExample;
			};
			name = Release;
		};
/* End XCBuildConfiguration section */

/* Begin XCConfigurationList section */
		26431D4C29757F0A00BDD62F /* Build configuration list for PBXProject "CustomErrorObjectiveCExample" */ = {
			isa = XCConfigurationList;
			buildConfigurations = (
				26431D7929757F0B00BDD62F /* Debug */,
				26431D7A29757F0B00BDD62F /* Release */,
			);
			defaultConfigurationIsVisible = 0;
			defaultConfigurationName = Release;
		};
		26431D7B29757F0B00BDD62F /* Build configuration list for PBXNativeTarget "CustomErrorObjectiveCExample" */ = {
			isa = XCConfigurationList;
			buildConfigurations = (
				26431D7C29757F0B00BDD62F /* Debug */,
				26431D7D29757F0B00BDD62F /* Release */,
			);
			defaultConfigurationIsVisible = 0;
			defaultConfigurationName = Release;
		};
		26431D7E29757F0B00BDD62F /* Build configuration list for PBXNativeTarget "CustomErrorObjectiveCExampleTests" */ = {
			isa = XCConfigurationList;
			buildConfigurations = (
				26431D7F29757F0B00BDD62F /* Debug */,
				26431D8029757F0B00BDD62F /* Release */,
			);
			defaultConfigurationIsVisible = 0;
			defaultConfigurationName = Release;
		};
		26431D8129757F0B00BDD62F /* Build configuration list for PBXNativeTarget "CustomErrorObjectiveCExampleUITests" */ = {
			isa = XCConfigurationList;
			buildConfigurations = (
				26431D8229757F0B00BDD62F /* Debug */,
				26431D8329757F0B00BDD62F /* Release */,
			);
			defaultConfigurationIsVisible = 0;
			defaultConfigurationName = Release;
		};
/* End XCConfigurationList section */
	};
	rootObject = 26431D4929757F0A00BDD62F /* Project object */;
}
